
Microsoft Visual Studio Solution File, Format Version 12.00
# Visual Studio Version 17
VisualStudioVersion = 17.5.002.0
MinimumVisualStudioVersion = 10.0.40219.1
Project("{9A19103F-16F7-4668-BE54-9A1E7A4F7556}") = "HelloWorld", "001.hello-world\HelloWorld.csproj", "{66E86F64-5166-4AB5-9F7E-20E46C7C1561}"
EndProject
Project("{9A19103F-16F7-4668-BE54-9A1E7A4F7556}") = "LuciansLusciousLasagna", "002.lucians-luscious-lasagna\LuciansLusciousLasagna.csproj", "{DD086DB5-3B63-4D1C-9452-908407990E9A}"
EndProject
Project("{9A19103F-16F7-4668-BE54-9A1E7A4F7556}") = "AnnalynsInfiltration", "003.annalyns-infiltration\AnnalynsInfiltration.csproj", "{F6F1598F-69C4-4F6F-A956-ECF4D6587B3D}"
EndProject
Project("{9A19103F-16F7-4668-BE54-9A1E7A4F7556}") = "LogLevels", "004.log-levels\LogLevels.csproj", "{B70B2F1D-0588-44F8-8A5E-CC900FBF2924}"
EndProject
Project("{9A19103F-16F7-4668-BE54-9A1E7A4F7556}") = "LogAnalysis", "005.log-analysis\LogAnalysis.csproj", "{16E913CD-6618-4641-8F30-6F53B06C9F1D}"
EndProject
Project("{9A19103F-16F7-4668-BE54-9A1E7A4F7556}") = "PhoneNumberAnalysis", "006.phone-number-analysis\PhoneNumberAnalysis.csproj", "{37330287-898C-4828-8A93-7B6FD3132D12}"
EndProject
Global
	GlobalSection(SolutionConfigurationPlatforms) = preSolution
		Debug|Any CPU = Debug|Any CPU
		Release|Any CPU = Release|Any CPU
	EndGlobalSection
	GlobalSection(ProjectConfigurationPlatforms) = postSolution
		{66E86F64-5166-4AB5-9F7E-20E46C7C1561}.Debug|Any CPU.ActiveCfg = Debug|Any CPU
		{66E86F64-5166-4AB5-9F7E-20E46C7C1561}.Debug|Any CPU.Build.0 = Debug|Any CPU
		{66E86F64-5166-4AB5-9F7E-20E46C7C1561}.Release|Any CPU.ActiveCfg = Release|Any CPU
		{66E86F64-5166-4AB5-9F7E-20E46C7C1561}.Release|Any CPU.Build.0 = Release|Any CPU
		{DD086DB5-3B63-4D1C-9452-908407990E9A}.Debug|Any CPU.ActiveCfg = Debug|Any CPU
		{DD086DB5-3B63-4D1C-9452-908407990E9A}.Debug|Any CPU.Build.0 = Debug|Any CPU
		{DD086DB5-3B63-4D1C-9452-908407990E9A}.Release|Any CPU.ActiveCfg = Release|Any CPU
		{DD086DB5-3B63-4D1C-9452-908407990E9A}.Release|Any CPU.Build.0 = Release|Any CPU
		{F6F1598F-69C4-4F6F-A956-ECF4D6587B3D}.Debug|Any CPU.ActiveCfg = Debug|Any CPU
		{F6F1598F-69C4-4F6F-A956-ECF4D6587B3D}.Debug|Any CPU.Build.0 = Debug|Any CPU
		{F6F1598F-69C4-4F6F-A956-ECF4D6587B3D}.Release|Any CPU.ActiveCfg = Release|Any CPU
		{F6F1598F-69C4-4F6F-A956-ECF4D6587B3D}.Release|Any CPU.Build.0 = Release|Any CPU
		{B70B2F1D-0588-44F8-8A5E-CC900FBF2924}.Debug|Any CPU.ActiveCfg = Debug|Any CPU
		{B70B2F1D-0588-44F8-8A5E-CC900FBF2924}.Debug|Any CPU.Build.0 = Debug|Any CPU
		{B70B2F1D-0588-44F8-8A5E-CC900FBF2924}.Release|Any CPU.ActiveCfg = Release|Any CPU
		{B70B2F1D-0588-44F8-8A5E-CC900FBF2924}.Release|Any CPU.Build.0 = Release|Any CPU
		{16E913CD-6618-4641-8F30-6F53B06C9F1D}.Debug|Any CPU.ActiveCfg = Debug|Any CPU
		{16E913CD-6618-4641-8F30-6F53B06C9F1D}.Debug|Any CPU.Build.0 = Debug|Any CPU
		{16E913CD-6618-4641-8F30-6F53B06C9F1D}.Release|Any CPU.ActiveCfg = Release|Any CPU
		{16E913CD-6618-4641-8F30-6F53B06C9F1D}.Release|Any CPU.Build.0 = Release|Any CPU
		{37330287-898C-4828-8A93-7B6FD3132D12}.Debug|Any CPU.ActiveCfg = Debug|Any CPU
		{37330287-898C-4828-8A93-7B6FD3132D12}.Debug|Any CPU.Build.0 = Debug|Any CPU
		{37330287-898C-4828-8A93-7B6FD3132D12}.Release|Any CPU.ActiveCfg = Release|Any CPU
		{37330287-898C-4828-8A93-7B6FD3132D12}.Release|Any CPU.Build.0 = Release|Any CPU
	EndGlobalSection
	GlobalSection(SolutionProperties) = preSolution
		HideSolutionNode = FALSE
	EndGlobalSection
	GlobalSection(ExtensibilityGlobals) = postSolution
		SolutionGuid = {64C6C264-02EF-4405-9524-9408DD42218D}
	EndGlobalSection
EndGlobal
